
Microsoft Visual Studio Solution File, Format Version 12.00
# Visual Studio Version 17
VisualStudioVersion = 17.0.32014.148
MinimumVisualStudioVersion = 10.0.40219.1
Project("{9A19103F-16F7-4668-BE54-9A1E7A4F7556}") = "Server", "Server\Server.csproj", "{633978AA-D685-4F0D-B5CD-74249E88592E}"
EndProject
Project("{9A19103F-16F7-4668-BE54-9A1E7A4F7556}") = "Client", "Client\Client.csproj", "{6A3FD2CC-2531-4B93-AF37-085193127A2F}"
EndProject
Project("{FAE04EC0-301F-11D3-BF4B-00C04F79EFBC}") = "ClientGUI", "ClientGUI\ClientGUI.csproj", "{2A0BB9B9-FADF-47D4-BFB9-07E4510B1CDE}"
EndProject
Project("{FAE04EC0-301F-11D3-BF4B-00C04F79EFBC}") = "ClientGUILibrary", "ClientGUILibrary\ClientGUILibrary.csproj", "{EB20C684-9A12-407A-911B-A9FFAC883C52}"
EndProject
Global
	GlobalSection(SolutionConfigurationPlatforms) = preSolution
		Debug|Any CPU = Debug|Any CPU
		Release|Any CPU = Release|Any CPU
	EndGlobalSection
	GlobalSection(ProjectConfigurationPlatforms) = postSolution
		{633978AA-D685-4F0D-B5CD-74249E88592E}.Debug|Any CPU.ActiveCfg = Debug|Any CPU
		{633978AA-D685-4F0D-B5CD-74249E88592E}.Debug|Any CPU.Build.0 = Debug|Any CPU
		{633978AA-D685-4F0D-B5CD-74249E88592E}.Release|Any CPU.ActiveCfg = Release|Any CPU
		{633978AA-D685-4F0D-B5CD-74249E88592E}.Release|Any CPU.Build.0 = Release|Any CPU
		{6A3FD2CC-2531-4B93-AF37-085193127A2F}.Debug|Any CPU.ActiveCfg = Debug|Any CPU
		{6A3FD2CC-2531-4B93-AF37-085193127A2F}.Debug|Any CPU.Build.0 = Debug|Any CPU
		{6A3FD2CC-2531-4B93-AF37-085193127A2F}.Release|Any CPU.ActiveCfg = Release|Any CPU
		{6A3FD2CC-2531-4B93-AF37-085193127A2F}.Release|Any CPU.Build.0 = Release|Any CPU
		{2A0BB9B9-FADF-47D4-BFB9-07E4510B1CDE}.Debug|Any CPU.ActiveCfg = Debug|Any CPU
		{2A0BB9B9-FADF-47D4-BFB9-07E4510B1CDE}.Debug|Any CPU.Build.0 = Debug|Any CPU
		{2A0BB9B9-FADF-47D4-BFB9-07E4510B1CDE}.Release|Any CPU.ActiveCfg = Release|Any CPU
		{2A0BB9B9-FADF-47D4-BFB9-07E4510B1CDE}.Release|Any CPU.Build.0 = Release|Any CPU
		{EB20C684-9A12-407A-911B-A9FFAC883C52}.Debug|Any CPU.ActiveCfg = Debug|Any CPU
		{EB20C684-9A12-407A-911B-A9FFAC883C52}.Debug|Any CPU.Build.0 = Debug|Any CPU
		{EB20C684-9A12-407A-911B-A9FFAC883C52}.Release|Any CPU.ActiveCfg = Release|Any CPU
		{EB20C684-9A12-407A-911B-A9FFAC883C52}.Release|Any CPU.Build.0 = Release|Any CPU
	EndGlobalSection
	GlobalSection(SolutionProperties) = preSolution
		HideSolutionNode = FALSE
	EndGlobalSection
	GlobalSection(ExtensibilityGlobals) = postSolution
		SolutionGuid = {7B3B5E2F-B45A-45F7-8B36-6803F8907547}
	EndGlobalSection
EndGlobal
